
Microsoft Visual Studio Solution File, Format Version 12.00
# Visual Studio Version 16
VisualStudioVersion = 16.0.30717.126
MinimumVisualStudioVersion = 10.0.40219.1
Project("{FAE04EC0-301F-11D3-BF4B-00C04F79EFBC}") = "practic9", "practic9\practic9.csproj", "{064A8755-D68B-4A8C-87A6-8B3127E4E01C}"
EndProject
Global
	GlobalSection(SolutionConfigurationPlatforms) = preSolution
		Debug|Any CPU = Debug|Any CPU
		Release|Any CPU = Release|Any CPU
	EndGlobalSection
	GlobalSection(ProjectConfigurationPlatforms) = postSolution
		{064A8755-D68B-4A8C-87A6-8B3127E4E01C}.Debug|Any CPU.ActiveCfg = Debug|Any CPU
		{064A8755-D68B-4A8C-87A6-8B3127E4E01C}.Debug|Any CPU.Build.0 = Debug|Any CPU
		{064A8755-D68B-4A8C-87A6-8B3127E4E01C}.Release|Any CPU.ActiveCfg = Release|Any CPU
		{064A8755-D68B-4A8C-87A6-8B3127E4E01C}.Release|Any CPU.Build.0 = Release|Any CPU
	EndGlobalSection
	GlobalSection(SolutionProperties) = preSolution
		HideSolutionNode = FALSE
	EndGlobalSection
	GlobalSection(ExtensibilityGlobals) = postSolution
		SolutionGuid = {893A80FA-C650-4A32-BD4C-30DE4A733AB4}
	EndGlobalSection
EndGlobal
