
Microsoft Visual Studio Solution File, Format Version 12.00
# Visual Studio Version 16
VisualStudioVersion = 16.0.29709.97
MinimumVisualStudioVersion = 10.0.40219.1
Project("{FAE04EC0-301F-11D3-BF4B-00C04F79EFBC}") = "practic2", "practic2\practic2.csproj", "{BB3158B6-CDCB-4F3F-9BA9-61ABF40F2D57}"
EndProject
Global
	GlobalSection(SolutionConfigurationPlatforms) = preSolution
		Debug|Any CPU = Debug|Any CPU
		Release|Any CPU = Release|Any CPU
	EndGlobalSection
	GlobalSection(ProjectConfigurationPlatforms) = postSolution
		{BB3158B6-CDCB-4F3F-9BA9-61ABF40F2D57}.Debug|Any CPU.ActiveCfg = Debug|Any CPU
		{BB3158B6-CDCB-4F3F-9BA9-61ABF40F2D57}.Debug|Any CPU.Build.0 = Debug|Any CPU
		{BB3158B6-CDCB-4F3F-9BA9-61ABF40F2D57}.Release|Any CPU.ActiveCfg = Release|Any CPU
		{BB3158B6-CDCB-4F3F-9BA9-61ABF40F2D57}.Release|Any CPU.Build.0 = Release|Any CPU
	EndGlobalSection
	GlobalSection(SolutionProperties) = preSolution
		HideSolutionNode = FALSE
	EndGlobalSection
	GlobalSection(ExtensibilityGlobals) = postSolution
		SolutionGuid = {C3FD84AB-ABA5-4C8F-89DD-4F59FF785D7E}
	EndGlobalSection
EndGlobal
