
Microsoft Visual Studio Solution File, Format Version 12.00
# Visual Studio Version 16
VisualStudioVersion = 16.0.29709.97
MinimumVisualStudioVersion = 10.0.40219.1
Project("{FAE04EC0-301F-11D3-BF4B-00C04F79EFBC}") = "DictionaryCollection", "DictionaryCollection\DictionaryCollection.csproj", "{A031BEF8-48B0-4BFD-B223-2265427C13F3}"
EndProject
Global
	GlobalSection(SolutionConfigurationPlatforms) = preSolution
		Debug|Any CPU = Debug|Any CPU
		Release|Any CPU = Release|Any CPU
	EndGlobalSection
	GlobalSection(ProjectConfigurationPlatforms) = postSolution
		{A031BEF8-48B0-4BFD-B223-2265427C13F3}.Debug|Any CPU.ActiveCfg = Debug|Any CPU
		{A031BEF8-48B0-4BFD-B223-2265427C13F3}.Debug|Any CPU.Build.0 = Debug|Any CPU
		{A031BEF8-48B0-4BFD-B223-2265427C13F3}.Release|Any CPU.ActiveCfg = Release|Any CPU
		{A031BEF8-48B0-4BFD-B223-2265427C13F3}.Release|Any CPU.Build.0 = Release|Any CPU
	EndGlobalSection
	GlobalSection(SolutionProperties) = preSolution
		HideSolutionNode = FALSE
	EndGlobalSection
	GlobalSection(ExtensibilityGlobals) = postSolution
		SolutionGuid = {ECF285A0-6EAC-4B01-87E8-08DEE34DE325}
	EndGlobalSection
EndGlobal
