
Microsoft Visual Studio Solution File, Format Version 12.00
# Visual Studio Version 16
VisualStudioVersion = 16.0.29709.97
MinimumVisualStudioVersion = 10.0.40219.1
Project("{FAE04EC0-301F-11D3-BF4B-00C04F79EFBC}") = "formStroki", "formStroki\formStroki.csproj", "{C04E14CF-E2FE-436E-A8A5-176BBB6026EB}"
EndProject
Global
	GlobalSection(SolutionConfigurationPlatforms) = preSolution
		Debug|Any CPU = Debug|Any CPU
		Release|Any CPU = Release|Any CPU
	EndGlobalSection
	GlobalSection(ProjectConfigurationPlatforms) = postSolution
		{C04E14CF-E2FE-436E-A8A5-176BBB6026EB}.Debug|Any CPU.ActiveCfg = Debug|Any CPU
		{C04E14CF-E2FE-436E-A8A5-176BBB6026EB}.Debug|Any CPU.Build.0 = Debug|Any CPU
		{C04E14CF-E2FE-436E-A8A5-176BBB6026EB}.Release|Any CPU.ActiveCfg = Release|Any CPU
		{C04E14CF-E2FE-436E-A8A5-176BBB6026EB}.Release|Any CPU.Build.0 = Release|Any CPU
	EndGlobalSection
	GlobalSection(SolutionProperties) = preSolution
		HideSolutionNode = FALSE
	EndGlobalSection
	GlobalSection(ExtensibilityGlobals) = postSolution
		SolutionGuid = {E7C2E51E-4D28-4532-B925-2EF2AC357423}
	EndGlobalSection
EndGlobal
