
Microsoft Visual Studio Solution File, Format Version 12.00
# Visual Studio Version 16
VisualStudioVersion = 16.0.30717.126
MinimumVisualStudioVersion = 10.0.40219.1
Project("{FAE04EC0-301F-11D3-BF4B-00C04F79EFBC}") = "practic10", "practic10\practic10.csproj", "{F3724CC0-0B96-4570-9DFD-F846FB37AA2A}"
EndProject
Global
	GlobalSection(SolutionConfigurationPlatforms) = preSolution
		Debug|Any CPU = Debug|Any CPU
		Release|Any CPU = Release|Any CPU
	EndGlobalSection
	GlobalSection(ProjectConfigurationPlatforms) = postSolution
		{F3724CC0-0B96-4570-9DFD-F846FB37AA2A}.Debug|Any CPU.ActiveCfg = Debug|Any CPU
		{F3724CC0-0B96-4570-9DFD-F846FB37AA2A}.Debug|Any CPU.Build.0 = Debug|Any CPU
		{F3724CC0-0B96-4570-9DFD-F846FB37AA2A}.Release|Any CPU.ActiveCfg = Release|Any CPU
		{F3724CC0-0B96-4570-9DFD-F846FB37AA2A}.Release|Any CPU.Build.0 = Release|Any CPU
	EndGlobalSection
	GlobalSection(SolutionProperties) = preSolution
		HideSolutionNode = FALSE
	EndGlobalSection
	GlobalSection(ExtensibilityGlobals) = postSolution
		SolutionGuid = {DB34C51E-3015-4DF3-AAD0-F0104B06F087}
	EndGlobalSection
EndGlobal
