
Microsoft Visual Studio Solution File, Format Version 12.00
# Visual Studio Version 16
VisualStudioVersion = 16.0.29709.97
MinimumVisualStudioVersion = 10.0.40219.1
Project("{FAE04EC0-301F-11D3-BF4B-00C04F79EFBC}") = "primerPractic10", "primerPractic10\primerPractic10.csproj", "{040C7A92-A9CE-4A1D-A3A5-12C7D4C7FA19}"
EndProject
Global
	GlobalSection(SolutionConfigurationPlatforms) = preSolution
		Debug|Any CPU = Debug|Any CPU
		Release|Any CPU = Release|Any CPU
	EndGlobalSection
	GlobalSection(ProjectConfigurationPlatforms) = postSolution
		{040C7A92-A9CE-4A1D-A3A5-12C7D4C7FA19}.Debug|Any CPU.ActiveCfg = Debug|Any CPU
		{040C7A92-A9CE-4A1D-A3A5-12C7D4C7FA19}.Debug|Any CPU.Build.0 = Debug|Any CPU
		{040C7A92-A9CE-4A1D-A3A5-12C7D4C7FA19}.Release|Any CPU.ActiveCfg = Release|Any CPU
		{040C7A92-A9CE-4A1D-A3A5-12C7D4C7FA19}.Release|Any CPU.Build.0 = Release|Any CPU
	EndGlobalSection
	GlobalSection(SolutionProperties) = preSolution
		HideSolutionNode = FALSE
	EndGlobalSection
	GlobalSection(ExtensibilityGlobals) = postSolution
		SolutionGuid = {5A6B0509-6BD8-4238-8465-2FCC2E276C0B}
	EndGlobalSection
EndGlobal
