
Microsoft Visual Studio Solution File, Format Version 12.00
# Visual Studio Version 16
VisualStudioVersion = 16.0.29709.97
MinimumVisualStudioVersion = 10.0.40219.1
Project("{FAE04EC0-301F-11D3-BF4B-00C04F79EFBC}") = "Lesson1_Exercise1_CS2", "Lesson1_Exercise1_CS2\Lesson1_Exercise1_CS2.csproj", "{2B8156DE-C125-48C7-98FC-97D8A24BB4D1}"
EndProject
Global
	GlobalSection(SolutionConfigurationPlatforms) = preSolution
		Debug|Any CPU = Debug|Any CPU
		Release|Any CPU = Release|Any CPU
	EndGlobalSection
	GlobalSection(ProjectConfigurationPlatforms) = postSolution
		{2B8156DE-C125-48C7-98FC-97D8A24BB4D1}.Debug|Any CPU.ActiveCfg = Debug|Any CPU
		{2B8156DE-C125-48C7-98FC-97D8A24BB4D1}.Debug|Any CPU.Build.0 = Debug|Any CPU
		{2B8156DE-C125-48C7-98FC-97D8A24BB4D1}.Release|Any CPU.ActiveCfg = Release|Any CPU
		{2B8156DE-C125-48C7-98FC-97D8A24BB4D1}.Release|Any CPU.Build.0 = Release|Any CPU
	EndGlobalSection
	GlobalSection(SolutionProperties) = preSolution
		HideSolutionNode = FALSE
	EndGlobalSection
	GlobalSection(ExtensibilityGlobals) = postSolution
		SolutionGuid = {98A87DF6-207C-4D93-A4D8-F354E26E8DC2}
	EndGlobalSection
EndGlobal
