
Microsoft Visual Studio Solution File, Format Version 12.00
# Visual Studio Version 16
VisualStudioVersion = 16.0.29709.97
MinimumVisualStudioVersion = 10.0.40219.1
Project("{FAE04EC0-301F-11D3-BF4B-00C04F79EFBC}") = "Serialize_People2", "Serialize_People2\Serialize_People2.csproj", "{4AEC5A40-45BA-41B3-94C4-E61AE723F72E}"
EndProject
Global
	GlobalSection(SolutionConfigurationPlatforms) = preSolution
		Debug|Any CPU = Debug|Any CPU
		Release|Any CPU = Release|Any CPU
	EndGlobalSection
	GlobalSection(ProjectConfigurationPlatforms) = postSolution
		{4AEC5A40-45BA-41B3-94C4-E61AE723F72E}.Debug|Any CPU.ActiveCfg = Debug|Any CPU
		{4AEC5A40-45BA-41B3-94C4-E61AE723F72E}.Debug|Any CPU.Build.0 = Debug|Any CPU
		{4AEC5A40-45BA-41B3-94C4-E61AE723F72E}.Release|Any CPU.ActiveCfg = Release|Any CPU
		{4AEC5A40-45BA-41B3-94C4-E61AE723F72E}.Release|Any CPU.Build.0 = Release|Any CPU
	EndGlobalSection
	GlobalSection(SolutionProperties) = preSolution
		HideSolutionNode = FALSE
	EndGlobalSection
	GlobalSection(ExtensibilityGlobals) = postSolution
		SolutionGuid = {292854FE-30AC-4ECD-8607-26E337B86D2A}
	EndGlobalSection
EndGlobal
