
Microsoft Visual Studio Solution File, Format Version 12.00
# Visual Studio Version 16
VisualStudioVersion = 16.0.29306.81
MinimumVisualStudioVersion = 10.0.40219.1
Project("{8BC9CEB8-8B4A-11D0-8D11-00A0C91BC942}") = "pr_4", "pr_4\pr_4.vcxproj", "{FD74E45D-D856-4057-A69F-20A1520C7F38}"
EndProject
Global
	GlobalSection(SolutionConfigurationPlatforms) = preSolution
		Debug|x64 = Debug|x64
		Debug|x86 = Debug|x86
		Release|x64 = Release|x64
		Release|x86 = Release|x86
	EndGlobalSection
	GlobalSection(ProjectConfigurationPlatforms) = postSolution
		{FD74E45D-D856-4057-A69F-20A1520C7F38}.Debug|x64.ActiveCfg = Debug|x64
		{FD74E45D-D856-4057-A69F-20A1520C7F38}.Debug|x64.Build.0 = Debug|x64
		{FD74E45D-D856-4057-A69F-20A1520C7F38}.Debug|x86.ActiveCfg = Debug|Win32
		{FD74E45D-D856-4057-A69F-20A1520C7F38}.Debug|x86.Build.0 = Debug|Win32
		{FD74E45D-D856-4057-A69F-20A1520C7F38}.Release|x64.ActiveCfg = Release|x64
		{FD74E45D-D856-4057-A69F-20A1520C7F38}.Release|x64.Build.0 = Release|x64
		{FD74E45D-D856-4057-A69F-20A1520C7F38}.Release|x86.ActiveCfg = Release|Win32
		{FD74E45D-D856-4057-A69F-20A1520C7F38}.Release|x86.Build.0 = Release|Win32
	EndGlobalSection
	GlobalSection(SolutionProperties) = preSolution
		HideSolutionNode = FALSE
	EndGlobalSection
	GlobalSection(ExtensibilityGlobals) = postSolution
		SolutionGuid = {EDCDCEA6-791B-4621-8773-26FE9465954E}
	EndGlobalSection
EndGlobal
