
Microsoft Visual Studio Solution File, Format Version 12.00
# Visual Studio Version 16
VisualStudioVersion = 16.0.30717.126
MinimumVisualStudioVersion = 10.0.40219.1
Project("{FAE04EC0-301F-11D3-BF4B-00C04F79EFBC}") = "practic2", "practic2\practic2.csproj", "{29DFE033-80B8-4E58-8C4A-25F4EBAB89FE}"
EndProject
Global
	GlobalSection(SolutionConfigurationPlatforms) = preSolution
		Debug|Any CPU = Debug|Any CPU
		Release|Any CPU = Release|Any CPU
	EndGlobalSection
	GlobalSection(ProjectConfigurationPlatforms) = postSolution
		{29DFE033-80B8-4E58-8C4A-25F4EBAB89FE}.Debug|Any CPU.ActiveCfg = Debug|Any CPU
		{29DFE033-80B8-4E58-8C4A-25F4EBAB89FE}.Debug|Any CPU.Build.0 = Debug|Any CPU
		{29DFE033-80B8-4E58-8C4A-25F4EBAB89FE}.Release|Any CPU.ActiveCfg = Release|Any CPU
		{29DFE033-80B8-4E58-8C4A-25F4EBAB89FE}.Release|Any CPU.Build.0 = Release|Any CPU
	EndGlobalSection
	GlobalSection(SolutionProperties) = preSolution
		HideSolutionNode = FALSE
	EndGlobalSection
	GlobalSection(ExtensibilityGlobals) = postSolution
		SolutionGuid = {0FB807E3-7C25-4628-B5C0-5F741769D206}
	EndGlobalSection
EndGlobal
